// !$*UTF8*$!
{
	archiveVersion = 1;
	classes = {
	};
	objectVersion = 51;
	objects = {

/* Begin PBXBuildFile section */
		183D04DA2775A9C000CE95ED /* AppDelegate.swift in Sources */ = {isa = PBXBuildFile; fileRef = 183D04D92775A9C000CE95ED /* AppDelegate.swift */; };
		183D04DC2775A9C000CE95ED /* SceneDelegate.swift in Sources */ = {isa = PBXBuildFile; fileRef = 183D04DB2775A9C000CE95ED /* SceneDelegate.swift */; };
		183D04DE2775A9C000CE95ED /* ViewController.swift in Sources */ = {isa = PBXBuildFile; fileRef = 183D04DD2775A9C000CE95ED /* ViewController.swift */; };
		183D04E12775A9C000CE95ED /* Main.storyboard in Resources */ = {isa = PBXBuildFile; fileRef = 183D04DF2775A9C000CE95ED /* Main.storyboard */; };
		183D04E32775A9C200CE95ED /* Assets.xcassets in Resources */ = {isa = PBXBuildFile; fileRef = 183D04E22775A9C200CE95ED /* Assets.xcassets */; };
		183D04E62775A9C200CE95ED /* LaunchScreen.storyboard in Resources */ = {isa = PBXBuildFile; fileRef = 183D04E42775A9C200CE95ED /* LaunchScreen.storyboard */; };
		183D050227761BBA00CE95ED /* NetworkClient.swift in Sources */ = {isa = PBXBuildFile; fileRef = 183D050127761BBA00CE95ED /* NetworkClient.swift */; };
		183D050627761F0500CE95ED /* UITableView+Extensions.swift in Sources */ = {isa = PBXBuildFile; fileRef = 183D050527761F0500CE95ED /* UITableView+Extensions.swift */; };
		183D050D277620D900CE95ED /* ListUserVC.swift in Sources */ = {isa = PBXBuildFile; fileRef = 183D050B277620D900CE95ED /* ListUserVC.swift */; };
		183D050E277620D900CE95ED /* ListUserVC.xib in Resources */ = {isa = PBXBuildFile; fileRef = 183D050C277620D900CE95ED /* ListUserVC.xib */; };
		183D05222776251100CE95ED /* ListUserTableViewCell.swift in Sources */ = {isa = PBXBuildFile; fileRef = 183D05202776251100CE95ED /* ListUserTableViewCell.swift */; };
		183D05232776251100CE95ED /* ListUserTableViewCell.xib in Resources */ = {isa = PBXBuildFile; fileRef = 183D05212776251100CE95ED /* ListUserTableViewCell.xib */; };
		184F863A27763273001ADFB9 /* ListViewModel.swift in Sources */ = {isa = PBXBuildFile; fileRef = 184F863927763273001ADFB9 /* ListViewModel.swift */; };
		184F863F2776365B001ADFB9 /* ListUserModel.swift in Sources */ = {isa = PBXBuildFile; fileRef = 184F863E2776365B001ADFB9 /* ListUserModel.swift */; };
		188A95F92776F8DD0086357D /* HomeRepository.swift in Sources */ = {isa = PBXBuildFile; fileRef = 188A95F82776F8DD0086357D /* HomeRepository.swift */; };
		188A95FD2776FC100086357D /* BaseWireframe.swift in Sources */ = {isa = PBXBuildFile; fileRef = 188A95FC2776FC100086357D /* BaseWireframe.swift */; };
		188A96002776FC540086357D /* BaseViewModel.swift in Sources */ = {isa = PBXBuildFile; fileRef = 188A95FF2776FC540086357D /* BaseViewModel.swift */; };
		188A9614277706010086357D /* HomeUseCase.swift in Sources */ = {isa = PBXBuildFile; fileRef = 188A9613277706010086357D /* HomeUseCase.swift */; };
		188A961727770D780086357D /* UIImageEx.swift in Sources */ = {isa = PBXBuildFile; fileRef = 188A961627770D780086357D /* UIImageEx.swift */; };
		659249E10381359C6857F742 /* Pods_TaskYackeen.framework in Frameworks */ = {isa = PBXBuildFile; fileRef = ADF7718D5ED2DFABEC75C4EB /* Pods_TaskYackeen.framework */; };
/* End PBXBuildFile section */

/* Begin PBXFileReference section */
		150BD96BB5EF3C4D5EAC38EB /* Pods-TaskYackeen.debug.xcconfig */ = {isa = PBXFileReference; includeInIndex = 1; lastKnownFileType = text.xcconfig; name = "Pods-TaskYackeen.debug.xcconfig"; path = "Target Support Files/Pods-TaskYackeen/Pods-TaskYackeen.debug.xcconfig"; sourceTree = "<group>"; };
		183D04D62775A9C000CE95ED /* TaskYackeen.app */ = {isa = PBXFileReference; explicitFileType = wrapper.application; includeInIndex = 0; path = TaskYackeen.app; sourceTree = BUILT_PRODUCTS_DIR; };
		183D04D92775A9C000CE95ED /* AppDelegate.swift */ = {isa = PBXFileReference; lastKnownFileType = sourcecode.swift; path = AppDelegate.swift; sourceTree = "<group>"; };
		183D04DB2775A9C000CE95ED /* SceneDelegate.swift */ = {isa = PBXFileReference; lastKnownFileType = sourcecode.swift; path = SceneDelegate.swift; sourceTree = "<group>"; };
		183D04DD2775A9C000CE95ED /* ViewController.swift */ = {isa = PBXFileReference; lastKnownFileType = sourcecode.swift; path = ViewController.swift; sourceTree = "<group>"; };
		183D04E02775A9C000CE95ED /* Base */ = {isa = PBXFileReference; lastKnownFileType = file.storyboard; name = Base; path = Base.lproj/Main.storyboard; sourceTree = "<group>"; };
		183D04E22775A9C200CE95ED /* Assets.xcassets */ = {isa = PBXFileReference; lastKnownFileType = folder.assetcatalog; path = Assets.xcassets; sourceTree = "<group>"; };
		183D04E52775A9C200CE95ED /* Base */ = {isa = PBXFileReference; lastKnownFileType = file.storyboard; name = Base; path = Base.lproj/LaunchScreen.storyboard; sourceTree = "<group>"; };
		183D04E72775A9C200CE95ED /* Info.plist */ = {isa = PBXFileReference; lastKnownFileType = text.plist.xml; path = Info.plist; sourceTree = "<group>"; };
		183D050127761BBA00CE95ED /* NetworkClient.swift */ = {isa = PBXFileReference; fileEncoding = 4; lastKnownFileType = sourcecode.swift; path = NetworkClient.swift; sourceTree = "<group>"; };
		183D050527761F0500CE95ED /* UITableView+Extensions.swift */ = {isa = PBXFileReference; fileEncoding = 4; lastKnownFileType = sourcecode.swift; path = "UITableView+Extensions.swift"; sourceTree = "<group>"; };
		183D050B277620D900CE95ED /* ListUserVC.swift */ = {isa = PBXFileReference; lastKnownFileType = sourcecode.swift; path = ListUserVC.swift; sourceTree = "<group>"; };
		183D050C277620D900CE95ED /* ListUserVC.xib */ = {isa = PBXFileReference; lastKnownFileType = file.xib; path = ListUserVC.xib; sourceTree = "<group>"; };
		183D05202776251100CE95ED /* ListUserTableViewCell.swift */ = {isa = PBXFileReference; lastKnownFileType = sourcecode.swift; path = ListUserTableViewCell.swift; sourceTree = "<group>"; };
		183D05212776251100CE95ED /* ListUserTableViewCell.xib */ = {isa = PBXFileReference; lastKnownFileType = file.xib; path = ListUserTableViewCell.xib; sourceTree = "<group>"; };
		184F863927763273001ADFB9 /* ListViewModel.swift */ = {isa = PBXFileReference; lastKnownFileType = sourcecode.swift; path = ListViewModel.swift; sourceTree = "<group>"; };
		184F863E2776365B001ADFB9 /* ListUserModel.swift */ = {isa = PBXFileReference; lastKnownFileType = sourcecode.swift; path = ListUserModel.swift; sourceTree = "<group>"; };
		188A95F82776F8DD0086357D /* HomeRepository.swift */ = {isa = PBXFileReference; fileEncoding = 4; lastKnownFileType = sourcecode.swift; path = HomeRepository.swift; sourceTree = "<group>"; };
		188A95FC2776FC100086357D /* BaseWireframe.swift */ = {isa = PBXFileReference; fileEncoding = 4; lastKnownFileType = sourcecode.swift; path = BaseWireframe.swift; sourceTree = "<group>"; };
		188A95FF2776FC540086357D /* BaseViewModel.swift */ = {isa = PBXFileReference; fileEncoding = 4; lastKnownFileType = sourcecode.swift; path = BaseViewModel.swift; sourceTree = "<group>"; };
		188A9613277706010086357D /* HomeUseCase.swift */ = {isa = PBXFileReference; fileEncoding = 4; lastKnownFileType = sourcecode.swift; path = HomeUseCase.swift; sourceTree = "<group>"; };
		188A961627770D780086357D /* UIImageEx.swift */ = {isa = PBXFileReference; lastKnownFileType = sourcecode.swift; path = UIImageEx.swift; sourceTree = "<group>"; };
		31CFD72BE06A2D35617C0560 /* Pods-TaskYackeen.release.xcconfig */ = {isa = PBXFileReference; includeInIndex = 1; lastKnownFileType = text.xcconfig; name = "Pods-TaskYackeen.release.xcconfig"; path = "Target Support Files/Pods-TaskYackeen/Pods-TaskYackeen.release.xcconfig"; sourceTree = "<group>"; };
		ADF7718D5ED2DFABEC75C4EB /* Pods_TaskYackeen.framework */ = {isa = PBXFileReference; explicitFileType = wrapper.framework; includeInIndex = 0; path = Pods_TaskYackeen.framework; sourceTree = BUILT_PRODUCTS_DIR; };
/* End PBXFileReference section */

/* Begin PBXFrameworksBuildPhase section */
		183D04D32775A9C000CE95ED /* Frameworks */ = {
			isa = PBXFrameworksBuildPhase;
			buildActionMask = 2147483647;
			files = (
				659249E10381359C6857F742 /* Pods_TaskYackeen.framework in Frameworks */,
			);
			runOnlyForDeploymentPostprocessing = 0;
		};
/* End PBXFrameworksBuildPhase section */

/* Begin PBXGroup section */
		183D04CD2775A9C000CE95ED = {
			isa = PBXGroup;
			children = (
				183D04D82775A9C000CE95ED /* TaskYackeen */,
				183D04D72775A9C000CE95ED /* Products */,
				EB5DF933CFABD05E8B9984CE /* Pods */,
				A940662C526E5EFAAFE759A9 /* Frameworks */,
			);
			sourceTree = "<group>";
		};
		183D04D72775A9C000CE95ED /* Products */ = {
			isa = PBXGroup;
			children = (
				183D04D62775A9C000CE95ED /* TaskYackeen.app */,
			);
			name = Products;
			sourceTree = "<group>";
		};
		183D04D82775A9C000CE95ED /* TaskYackeen */ = {
			isa = PBXGroup;
			children = (
				188A95FB2776FC040086357D /* Core */,
				188A95EE2776F8660086357D /* Domain */,
				183D050827761FD400CE95ED /* Modules */,
				183D050427761EF200CE95ED /* Extensions */,
				183D04FF27761B5C00CE95ED /* Utility */,
				183D04D92775A9C000CE95ED /* AppDelegate.swift */,
				183D04DB2775A9C000CE95ED /* SceneDelegate.swift */,
				183D04DD2775A9C000CE95ED /* ViewController.swift */,
				183D04DF2775A9C000CE95ED /* Main.storyboard */,
				183D04E22775A9C200CE95ED /* Assets.xcassets */,
				183D04E42775A9C200CE95ED /* LaunchScreen.storyboard */,
				183D04E72775A9C200CE95ED /* Info.plist */,
			);
			path = TaskYackeen;
			sourceTree = "<group>";
		};
		183D04FF27761B5C00CE95ED /* Utility */ = {
			isa = PBXGroup;
			children = (
				183D050027761BAF00CE95ED /* Network */,
			);
			path = Utility;
			sourceTree = "<group>";
		};
		183D050027761BAF00CE95ED /* Network */ = {
			isa = PBXGroup;
			children = (
				183D050127761BBA00CE95ED /* NetworkClient.swift */,
			);
			path = Network;
			sourceTree = "<group>";
		};
		183D050427761EF200CE95ED /* Extensions */ = {
			isa = PBXGroup;
			children = (
				183D050527761F0500CE95ED /* UITableView+Extensions.swift */,
				188A961627770D780086357D /* UIImageEx.swift */,
			);
			path = Extensions;
			sourceTree = "<group>";
		};
		183D050827761FD400CE95ED /* Modules */ = {
			isa = PBXGroup;
			children = (
				183D050927761FE300CE95ED /* ListUser */,
			);
			path = Modules;
			sourceTree = "<group>";
		};
		183D050927761FE300CE95ED /* ListUser */ = {
			isa = PBXGroup;
			children = (
				184F863D2776327D001ADFB9 /* Model */,
				184F863827763246001ADFB9 /* ViewModel */,
				184F863227762EF4001ADFB9 /* View */,
				183D050A2776207B00CE95ED /* ViewController */,
			);
			path = ListUser;
			sourceTree = "<group>";
		};
		183D050A2776207B00CE95ED /* ViewController */ = {
			isa = PBXGroup;
			children = (
				183D050B277620D900CE95ED /* ListUserVC.swift */,
				183D050C277620D900CE95ED /* ListUserVC.xib */,
			);
			path = ViewController;
			sourceTree = "<group>";
		};
		184F863227762EF4001ADFB9 /* View */ = {
			isa = PBXGroup;
			children = (
				183D05202776251100CE95ED /* ListUserTableViewCell.swift */,
				183D05212776251100CE95ED /* ListUserTableViewCell.xib */,
			);
			name = View;
			sourceTree = "<group>";
		};
		184F863827763246001ADFB9 /* ViewModel */ = {
			isa = PBXGroup;
			children = (
				184F863927763273001ADFB9 /* ListViewModel.swift */,
			);
			path = ViewModel;
			sourceTree = "<group>";
		};
		184F863D2776327D001ADFB9 /* Model */ = {
			isa = PBXGroup;
			children = (
				184F863E2776365B001ADFB9 /* ListUserModel.swift */,
			);
			path = Model;
			sourceTree = "<group>";
		};
		188A95EE2776F8660086357D /* Domain */ = {
			isa = PBXGroup;
			children = (
				188A9613277706010086357D /* HomeUseCase.swift */,
				188A95EF2776F8B30086357D /* Repository */,
			);
			path = Domain;
			sourceTree = "<group>";
		};
		188A95EF2776F8B30086357D /* Repository */ = {
			isa = PBXGroup;
			children = (
				188A95F02776F8B30086357D /* HomeRepository */,
			);
			path = Repository;
			sourceTree = "<group>";
		};
		188A95F02776F8B30086357D /* HomeRepository */ = {
			isa = PBXGroup;
			children = (
				188A95F82776F8DD0086357D /* HomeRepository.swift */,
			);
			path = HomeRepository;
			sourceTree = "<group>";
		};
		188A95FB2776FC040086357D /* Core */ = {
			isa = PBXGroup;
			children = (
				188A95FC2776FC100086357D /* BaseWireframe.swift */,
				188A95FF2776FC540086357D /* BaseViewModel.swift */,
			);
			path = Core;
			sourceTree = "<group>";
		};
		A940662C526E5EFAAFE759A9 /* Frameworks */ = {
			isa = PBXGroup;
			children = (
				ADF7718D5ED2DFABEC75C4EB /* Pods_TaskYackeen.framework */,
			);
			name = Frameworks;
			sourceTree = "<group>";
		};
		EB5DF933CFABD05E8B9984CE /* Pods */ = {
			isa = PBXGroup;
			children = (
				150BD96BB5EF3C4D5EAC38EB /* Pods-TaskYackeen.debug.xcconfig */,
				31CFD72BE06A2D35617C0560 /* Pods-TaskYackeen.release.xcconfig */,
			);
			path = Pods;
			sourceTree = "<group>";
		};
/* End PBXGroup section */

/* Begin PBXNativeTarget section */
		183D04D52775A9C000CE95ED /* TaskYackeen */ = {
			isa = PBXNativeTarget;
			buildConfigurationList = 183D04EA2775A9C200CE95ED /* Build configuration list for PBXNativeTarget "TaskYackeen" */;
			buildPhases = (
				E114CFF0FC2B37D9BFD67276 /* [CP] Check Pods Manifest.lock */,
				183D04D22775A9C000CE95ED /* Sources */,
				183D04D32775A9C000CE95ED /* Frameworks */,
				183D04D42775A9C000CE95ED /* Resources */,
				BB4B5F464716BF12C04498CA /* [CP] Embed Pods Frameworks */,
			);
			buildRules = (
			);
			dependencies = (
			);
			name = TaskYackeen;
			productName = TaskYackeen;
			productReference = 183D04D62775A9C000CE95ED /* TaskYackeen.app */;
			productType = "com.apple.product-type.application";
		};
/* End PBXNativeTarget section */

/* Begin PBXProject section */
		183D04CE2775A9C000CE95ED /* Project object */ = {
			isa = PBXProject;
			attributes = {
				LastSwiftUpdateCheck = 1240;
				LastUpgradeCheck = 1240;
				TargetAttributes = {
					183D04D52775A9C000CE95ED = {
						CreatedOnToolsVersion = 12.4;
					};
				};
			};
			buildConfigurationList = 183D04D12775A9C000CE95ED /* Build configuration list for PBXProject "TaskYackeen" */;
			compatibilityVersion = "Xcode 9.3";
			developmentRegion = en;
			hasScannedForEncodings = 0;
			knownRegions = (
				en,
				Base,
			);
			mainGroup = 183D04CD2775A9C000CE95ED;
			productRefGroup = 183D04D72775A9C000CE95ED /* Products */;
			projectDirPath = "";
			projectRoot = "";
			targets = (
				183D04D52775A9C000CE95ED /* TaskYackeen */,
			);
		};
/* End PBXProject section */

/* Begin PBXResourcesBuildPhase section */
		183D04D42775A9C000CE95ED /* Resources */ = {
			isa = PBXResourcesBuildPhase;
			buildActionMask = 2147483647;
			files = (
				183D04E62775A9C200CE95ED /* LaunchScreen.storyboard in Resources */,
				183D04E32775A9C200CE95ED /* Assets.xcassets in Resources */,
				183D04E12775A9C000CE95ED /* Main.storyboard in Resources */,
				183D050E277620D900CE95ED /* ListUserVC.xib in Resources */,
				183D05232776251100CE95ED /* ListUserTableViewCell.xib in Resources */,
			);
			runOnlyForDeploymentPostprocessing = 0;
		};
/* End PBXResourcesBuildPhase section */

/* Begin PBXShellScriptBuildPhase section */
		BB4B5F464716BF12C04498CA /* [CP] Embed Pods Frameworks */ = {
			isa = PBXShellScriptBuildPhase;
			buildActionMask = 2147483647;
			files = (
			);
			inputFileListPaths = (
				"${PODS_ROOT}/Target Support Files/Pods-TaskYackeen/Pods-TaskYackeen-frameworks-${CONFIGURATION}-input-files.xcfilelist",
			);
			name = "[CP] Embed Pods Frameworks";
			outputFileListPaths = (
				"${PODS_ROOT}/Target Support Files/Pods-TaskYackeen/Pods-TaskYackeen-frameworks-${CONFIGURATION}-output-files.xcfilelist",
			);
			runOnlyForDeploymentPostprocessing = 0;
			shellPath = /bin/sh;
			shellScript = "\"${PODS_ROOT}/Target Support Files/Pods-TaskYackeen/Pods-TaskYackeen-frameworks.sh\"\n";
			showEnvVarsInLog = 0;
		};
		E114CFF0FC2B37D9BFD67276 /* [CP] Check Pods Manifest.lock */ = {
			isa = PBXShellScriptBuildPhase;
			buildActionMask = 2147483647;
			files = (
			);
			inputFileListPaths = (
			);
			inputPaths = (
				"${PODS_PODFILE_DIR_PATH}/Podfile.lock",
				"${PODS_ROOT}/Manifest.lock",
			);
			name = "[CP] Check Pods Manifest.lock";
			outputFileListPaths = (
			);
			outputPaths = (
				"$(DERIVED_FILE_DIR)/Pods-TaskYackeen-checkManifestLockResult.txt",
			);
			runOnlyForDeploymentPostprocessing = 0;
			shellPath = /bin/sh;
			shellScript = "diff \"${PODS_PODFILE_DIR_PATH}/Podfile.lock\" \"${PODS_ROOT}/Manifest.lock\" > /dev/null\nif [ $? != 0 ] ; then\n    # print error to STDERR\n    echo \"error: The sandbox is not in sync with the Podfile.lock. Run 'pod install' or update your CocoaPods installation.\" >&2\n    exit 1\nfi\n# This output is used by Xcode 'outputs' to avoid re-running this script phase.\necho \"SUCCESS\" > \"${SCRIPT_OUTPUT_FILE_0}\"\n";
			showEnvVarsInLog = 0;
		};
/* End PBXShellScriptBuildPhase section */

/* Begin PBXSourcesBuildPhase section */
		183D04D22775A9C000CE95ED /* Sources */ = {
			isa = PBXSourcesBuildPhase;
			buildActionMask = 2147483647;
			files = (
				188A95F92776F8DD0086357D /* HomeRepository.swift in Sources */,
				183D050627761F0500CE95ED /* UITableView+Extensions.swift in Sources */,
				183D05222776251100CE95ED /* ListUserTableViewCell.swift in Sources */,
				183D04DE2775A9C000CE95ED /* ViewController.swift in Sources */,
				183D04DA2775A9C000CE95ED /* AppDelegate.swift in Sources */,
				188A96002776FC540086357D /* BaseViewModel.swift in Sources */,
				183D050D277620D900CE95ED /* ListUserVC.swift in Sources */,
				184F863F2776365B001ADFB9 /* ListUserModel.swift in Sources */,
				183D04DC2775A9C000CE95ED /* SceneDelegate.swift in Sources */,
				184F863A27763273001ADFB9 /* ListViewModel.swift in Sources */,
				188A961727770D780086357D /* UIImageEx.swift in Sources */,
				183D050227761BBA00CE95ED /* NetworkClient.swift in Sources */,
				188A95FD2776FC100086357D /* BaseWireframe.swift in Sources */,
				188A9614277706010086357D /* HomeUseCase.swift in Sources */,
			);
			runOnlyForDeploymentPostprocessing = 0;
		};
/* End PBXSourcesBuildPhase section */

/* Begin PBXVariantGroup section */
		183D04DF2775A9C000CE95ED /* Main.storyboard */ = {
			isa = PBXVariantGroup;
			children = (
				183D04E02775A9C000CE95ED /* Base */,
			);
			name = Main.storyboard;
			sourceTree = "<group>";
		};
		183D04E42775A9C200CE95ED /* LaunchScreen.storyboard */ = {
			isa = PBXVariantGroup;
			children = (
				183D04E52775A9C200CE95ED /* Base */,
			);
			name = LaunchScreen.storyboard;
			sourceTree = "<group>";
		};
/* End PBXVariantGroup section */

/* Begin XCBuildConfiguration section */
		183D04E82775A9C200CE95ED /* Debug */ = {
			isa = XCBuildConfiguration;
			buildSettings = {
				ALWAYS_SEARCH_USER_PATHS = NO;
				CLANG_ANALYZER_NONNULL = YES;
				CLANG_ANALYZER_NUMBER_OBJECT_CONVERSION = YES_AGGRESSIVE;
				CLANG_CXX_LANGUAGE_STANDARD = "gnu++14";
				CLANG_CXX_LIBRARY = "libc++";
				CLANG_ENABLE_MODULES = YES;
				CLANG_ENABLE_OBJC_ARC = YES;
				CLANG_ENABLE_OBJC_WEAK = YES;
				CLANG_WARN_BLOCK_CAPTURE_AUTORELEASING = YES;
				CLANG_WARN_BOOL_CONVERSION = YES;
				CLANG_WARN_COMMA = YES;
				CLANG_WARN_CONSTANT_CONVERSION = YES;
				CLANG_WARN_DEPRECATED_OBJC_IMPLEMENTATIONS = YES;
				CLANG_WARN_DIRECT_OBJC_ISA_USAGE = YES_ERROR;
				CLANG_WARN_DOCUMENTATION_COMMENTS = YES;
				CLANG_WARN_EMPTY_BODY = YES;
				CLANG_WARN_ENUM_CONVERSION = YES;
				CLANG_WARN_INFINITE_RECURSION = YES;
				CLANG_WARN_INT_CONVERSION = YES;
				CLANG_WARN_NON_LITERAL_NULL_CONVERSION = YES;
				CLANG_WARN_OBJC_IMPLICIT_RETAIN_SELF = YES;
				CLANG_WARN_OBJC_LITERAL_CONVERSION = YES;
				CLANG_WARN_OBJC_ROOT_CLASS = YES_ERROR;
				CLANG_WARN_QUOTED_INCLUDE_IN_FRAMEWORK_HEADER = YES;
				CLANG_WARN_RANGE_LOOP_ANALYSIS = YES;
				CLANG_WARN_STRICT_PROTOTYPES = YES;
				CLANG_WARN_SUSPICIOUS_MOVE = YES;
				CLANG_WARN_UNGUARDED_AVAILABILITY = YES_AGGRESSIVE;
				CLANG_WARN_UNREACHABLE_CODE = YES;
				CLANG_WARN__DUPLICATE_METHOD_MATCH = YES;
				COPY_PHASE_STRIP = NO;
				DEBUG_INFORMATION_FORMAT = dwarf;
				ENABLE_STRICT_OBJC_MSGSEND = YES;
				ENABLE_TESTABILITY = YES;
				GCC_C_LANGUAGE_STANDARD = gnu11;
				GCC_DYNAMIC_NO_PIC = NO;
				GCC_NO_COMMON_BLOCKS = YES;
				GCC_OPTIMIZATION_LEVEL = 0;
				GCC_PREPROCESSOR_DEFINITIONS = (
					"DEBUG=1",
					"$(inherited)",
				);
				GCC_WARN_64_TO_32_BIT_CONVERSION = YES;
				GCC_WARN_ABOUT_RETURN_TYPE = YES_ERROR;
				GCC_WARN_UNDECLARED_SELECTOR = YES;
				GCC_WARN_UNINITIALIZED_AUTOS = YES_AGGRESSIVE;
				GCC_WARN_UNUSED_FUNCTION = YES;
				GCC_WARN_UNUSED_VARIABLE = YES;
				IPHONEOS_DEPLOYMENT_TARGET = 14.4;
				MTL_ENABLE_DEBUG_INFO = INCLUDE_SOURCE;
				MTL_FAST_MATH = YES;
				ONLY_ACTIVE_ARCH = YES;
				SDKROOT = iphoneos;
				SWIFT_ACTIVE_COMPILATION_CONDITIONS = DEBUG;
				SWIFT_OPTIMIZATION_LEVEL = "-Onone";
			};
			name = Debug;
		};
		183D04E92775A9C200CE95ED /* Release */ = {
			isa = XCBuildConfiguration;
			buildSettings = {
				ALWAYS_SEARCH_USER_PATHS = NO;
				CLANG_ANALYZER_NONNULL = YES;
				CLANG_ANALYZER_NUMBER_OBJECT_CONVERSION = YES_AGGRESSIVE;
				CLANG_CXX_LANGUAGE_STANDARD = "gnu++14";
				CLANG_CXX_LIBRARY = "libc++";
				CLANG_ENABLE_MODULES = YES;
				CLANG_ENABLE_OBJC_ARC = YES;
				CLANG_ENABLE_OBJC_WEAK = YES;
				CLANG_WARN_BLOCK_CAPTURE_AUTORELEASING = YES;
				CLANG_WARN_BOOL_CONVERSION = YES;
				CLANG_WARN_COMMA = YES;
				CLANG_WARN_CONSTANT_CONVERSION = YES;
				CLANG_WARN_DEPRECATED_OBJC_IMPLEMENTATIONS = YES;
				CLANG_WARN_DIRECT_OBJC_ISA_USAGE = YES_ERROR;
				CLANG_WARN_DOCUMENTATION_COMMENTS = YES;
				CLANG_WARN_EMPTY_BODY = YES;
				CLANG_WARN_ENUM_CONVERSION = YES;
				CLANG_WARN_INFINITE_RECURSION = YES;
				CLANG_WARN_INT_CONVERSION = YES;
				CLANG_WARN_NON_LITERAL_NULL_CONVERSION = YES;
				CLANG_WARN_OBJC_IMPLICIT_RETAIN_SELF = YES;
				CLANG_WARN_OBJC_LITERAL_CONVERSION = YES;
				CLANG_WARN_OBJC_ROOT_CLASS = YES_ERROR;
				CLANG_WARN_QUOTED_INCLUDE_IN_FRAMEWORK_HEADER = YES;
				CLANG_WARN_RANGE_LOOP_ANALYSIS = YES;
				CLANG_WARN_STRICT_PROTOTYPES = YES;
				CLANG_WARN_SUSPICIOUS_MOVE = YES;
				CLANG_WARN_UNGUARDED_AVAILABILITY = YES_AGGRESSIVE;
				CLANG_WARN_UNREACHABLE_CODE = YES;
				CLANG_WARN__DUPLICATE_METHOD_MATCH = YES;
				COPY_PHASE_STRIP = NO;
				DEBUG_INFORMATION_FORMAT = "dwarf-with-dsym";
				ENABLE_NS_ASSERTIONS = NO;
				ENABLE_STRICT_OBJC_MSGSEND = YES;
				GCC_C_LANGUAGE_STANDARD = gnu11;
				GCC_NO_COMMON_BLOCKS = YES;
				GCC_WARN_64_TO_32_BIT_CONVERSION = YES;
				GCC_WARN_ABOUT_RETURN_TYPE = YES_ERROR;
				GCC_WARN_UNDECLARED_SELECTOR = YES;
				GCC_WARN_UNINITIALIZED_AUTOS = YES_AGGRESSIVE;
				GCC_WARN_UNUSED_FUNCTION = YES;
				GCC_WARN_UNUSED_VARIABLE = YES;
				IPHONEOS_DEPLOYMENT_TARGET = 14.4;
				MTL_ENABLE_DEBUG_INFO = NO;
				MTL_FAST_MATH = YES;
				SDKROOT = iphoneos;
				SWIFT_COMPILATION_MODE = wholemodule;
				SWIFT_OPTIMIZATION_LEVEL = "-O";
				VALIDATE_PRODUCT = YES;
			};
			name = Release;
		};
		183D04EB2775A9C200CE95ED /* Debug */ = {
			isa = XCBuildConfiguration;
			baseConfigurationReference = 150BD96BB5EF3C4D5EAC38EB /* Pods-TaskYackeen.debug.xcconfig */;
			buildSettings = {
				ASSETCATALOG_COMPILER_APPICON_NAME = AppIcon;
				ASSETCATALOG_COMPILER_GLOBAL_ACCENT_COLOR_NAME = AccentColor;
				CODE_SIGN_STYLE = Automatic;
				DEVELOPMENT_TEAM = 63UDRUA35M;
				INFOPLIST_FILE = TaskYackeen/Info.plist;
				LD_RUNPATH_SEARCH_PATHS = (
					"$(inherited)",
					"@executable_path/Frameworks",
				);
				PRODUCT_BUNDLE_IDENTIFIER = Fekra.TaskYackeen;
				PRODUCT_NAME = "$(TARGET_NAME)";
				SWIFT_VERSION = 5.0;
				TARGETED_DEVICE_FAMILY = "1,2";
			};
			name = Debug;
		};
		183D04EC2775A9C200CE95ED /* Release */ = {
			isa = XCBuildConfiguration;
			baseConfigurationReference = 31CFD72BE06A2D35617C0560 /* Pods-TaskYackeen.release.xcconfig */;
			buildSettings = {
				ASSETCATALOG_COMPILER_APPICON_NAME = AppIcon;
				ASSETCATALOG_COMPILER_GLOBAL_ACCENT_COLOR_NAME = AccentColor;
				CODE_SIGN_STYLE = Automatic;
				DEVELOPMENT_TEAM = 63UDRUA35M;
				INFOPLIST_FILE = TaskYackeen/Info.plist;
				LD_RUNPATH_SEARCH_PATHS = (
					"$(inherited)",
					"@executable_path/Frameworks",
				);
				PRODUCT_BUNDLE_IDENTIFIER = Fekra.TaskYackeen;
				PRODUCT_NAME = "$(TARGET_NAME)";
				SWIFT_VERSION = 5.0;
				TARGETED_DEVICE_FAMILY = "1,2";
			};
			name = Release;
		};
/* End XCBuildConfiguration section */

/* Begin XCConfigurationList section */
		183D04D12775A9C000CE95ED /* Build configuration list for PBXProject "TaskYackeen" */ = {
			isa = XCConfigurationList;
			buildConfigurations = (
				183D04E82775A9C200CE95ED /* Debug */,
				183D04E92775A9C200CE95ED /* Release */,
			);
			defaultConfigurationIsVisible = 0;
			defaultConfigurationName = Release;
		};
		183D04EA2775A9C200CE95ED /* Build configuration list for PBXNativeTarget "TaskYackeen" */ = {
			isa = XCConfigurationList;
			buildConfigurations = (
				183D04EB2775A9C200CE95ED /* Debug */,
				183D04EC2775A9C200CE95ED /* Release */,
			);
			defaultConfigurationIsVisible = 0;
			defaultConfigurationName = Release;
		};
/* End XCConfigurationList section */
	};
	rootObject = 183D04CE2775A9C000CE95ED /* Project object */;
}
